// !$*UTF8*$!
{
	archiveVersion = 1;
	classes = {
	};
	objectVersion = 56;
	objects = {

/* Begin PBXBuildFile section */
		1AC6A1D8E8DC24BCE782414F /* SorobanApp.swift in Sources */ = {isa = PBXBuildFile; fileRef = 2C8D0DE7B642F0480EF958A0; };
		76F519BA712389582A2F9BE2 /* ContentView.swift in Sources */ = {isa = PBXBuildFile; fileRef = 7440D3C50DDEA1E18D1AAB11; };
		C245E764A1772778911479FF /* SorobanScene.swift in Sources */ = {isa = PBXBuildFile; fileRef = 3B121F863676FCFB31E89FBB; };
		5463B3103DBF6C5E97E1204F /* SorobanRod.swift in Sources */ = {isa = PBXBuildFile; fileRef = DAFA3D55DEA831BA5535E4E9; };
		2B14C53DA20425B17E63EAB7 /* BeadNode.swift in Sources */ = {isa = PBXBuildFile; fileRef = 20F501BA3D099BC3005A5C4D; };
		8CA3A3C45AEFE2D4E17D5E50 /* SoundManager.swift in Sources */ = {isa = PBXBuildFile; fileRef = 0C479031674B2721E4AABDB3; };
		01E379AFD3787551CDFB3164 /* Assets.xcassets in Resources */ = {isa = PBXBuildFile; fileRef = 9A24B02257D7DB58267AE78F; };
		B907682B8BDCFDDB45DA0408 /* PrivacyInfo.xcprivacy in Resources */ = {isa = PBXBuildFile; fileRef = A6D0A0E6F2DB180356037613; };
/* End PBXBuildFile section */

/* Begin PBXFileReference section */
		2C8D0DE7B642F0480EF958A0 /* SorobanApp.swift */ = {isa = PBXFileReference; lastKnownFileType = sourcecode.swift; path = SorobanApp.swift; sourceTree = "<group>"; };
		7440D3C50DDEA1E18D1AAB11 /* ContentView.swift */ = {isa = PBXFileReference; lastKnownFileType = sourcecode.swift; path = ContentView.swift; sourceTree = "<group>"; };
		3B121F863676FCFB31E89FBB /* SorobanScene.swift */ = {isa = PBXFileReference; lastKnownFileType = sourcecode.swift; path = SorobanScene.swift; sourceTree = "<group>"; };
		DAFA3D55DEA831BA5535E4E9 /* SorobanRod.swift */ = {isa = PBXFileReference; lastKnownFileType = sourcecode.swift; path = SorobanRod.swift; sourceTree = "<group>"; };
		20F501BA3D099BC3005A5C4D /* BeadNode.swift */ = {isa = PBXFileReference; lastKnownFileType = sourcecode.swift; path = BeadNode.swift; sourceTree = "<group>"; };
		0C479031674B2721E4AABDB3 /* SoundManager.swift */ = {isa = PBXFileReference; lastKnownFileType = sourcecode.swift; path = SoundManager.swift; sourceTree = "<group>"; };
		9A24B02257D7DB58267AE78F /* Assets.xcassets */ = {isa = PBXFileReference; lastKnownFileType = folder.assetcatalog; path = Assets.xcassets; sourceTree = "<group>"; };
		09F9ECD645D3FD4A9FC00A04 /* Info.plist */ = {isa = PBXFileReference; lastKnownFileType = text.plist.xml; path = Info.plist; sourceTree = "<group>"; };
		A6D0A0E6F2DB180356037613 /* PrivacyInfo.xcprivacy */ = {isa = PBXFileReference; lastKnownFileType = text.xml; path = PrivacyInfo.xcprivacy; sourceTree = "<group>"; };
		264DFD2159B8DDA2C0069832 /* Soroban.app */ = {isa = PBXFileReference; explicitFileType = wrapper.application; includeInIndex = 0; path = Soroban.app; sourceTree = BUILT_PRODUCTS_DIR; };
/* End PBXFileReference section */

/* Begin PBXFrameworksBuildPhase section */
		FFA8E1183F3B6BE6FE6F8704 /* Frameworks */ = {
			isa = PBXFrameworksBuildPhase;
			buildActionMask = 2147483647;
			files = (
			);
			runOnlyForDeploymentPostprocessing = 0;
		};
/* End PBXFrameworksBuildPhase section */

/* Begin PBXGroup section */
		661151A2491B2B7D4186F922 = {
			isa = PBXGroup;
			children = (
				9D5DFFBCCD495C1B81508F10 /* Soroban */,
				B38F50DC709F88E79C6A3EBD /* Products */,
			);
			sourceTree = "<group>";
		};
		9D5DFFBCCD495C1B81508F10 /* Soroban */ = {
			isa = PBXGroup;
			children = (
				2C8D0DE7B642F0480EF958A0 /* SorobanApp.swift */,
				E7FCD677E14ECBE7BAA4124B /* Views */,
				F67F423802A4744C5F8E65F6 /* SpriteKit */,
				6B500EA50EAF9F2FF9627508 /* Services */,
				9A24B02257D7DB58267AE78F /* Assets.xcassets */,
				09F9ECD645D3FD4A9FC00A04 /* Info.plist */,
				A6D0A0E6F2DB180356037613 /* PrivacyInfo.xcprivacy */,
			);
			path = Soroban;
			sourceTree = "<group>";
		};
		E7FCD677E14ECBE7BAA4124B /* Views */ = {
			isa = PBXGroup;
			children = (
				7440D3C50DDEA1E18D1AAB11 /* ContentView.swift */,
			);
			path = Views;
			sourceTree = "<group>";
		};
		F67F423802A4744C5F8E65F6 /* SpriteKit */ = {
			isa = PBXGroup;
			children = (
				3B121F863676FCFB31E89FBB /* SorobanScene.swift */,
				DAFA3D55DEA831BA5535E4E9 /* SorobanRod.swift */,
				20F501BA3D099BC3005A5C4D /* BeadNode.swift */,
			);
			path = SpriteKit;
			sourceTree = "<group>";
		};
		6B500EA50EAF9F2FF9627508 /* Services */ = {
			isa = PBXGroup;
			children = (
				0C479031674B2721E4AABDB3 /* SoundManager.swift */,
			);
			path = Services;
			sourceTree = "<group>";
		};
		B38F50DC709F88E79C6A3EBD /* Products */ = {
			isa = PBXGroup;
			children = (
				264DFD2159B8DDA2C0069832 /* Soroban.app */,
			);
			name = Products;
			sourceTree = "<group>";
		};
/* End PBXGroup section */

/* Begin PBXNativeTarget section */
		A547E32BEF45842ECBB561F6 /* Soroban */ = {
			isa = PBXNativeTarget;
			buildConfigurationList = 712A2F3A120DCB451EDF60E2;
			buildPhases = (
				C23A37BF412344F82A9CA4ED /* Sources */,
				FFA8E1183F3B6BE6FE6F8704 /* Frameworks */,
				93C70706C92DDB98434BB4B0 /* Resources */,
			);
			buildRules = (
			);
			dependencies = (
			);
			name = Soroban;
			productName = Soroban;
			productReference = 264DFD2159B8DDA2C0069832 /* Soroban.app */;
			productType = "com.apple.product-type.application";
		};
/* End PBXNativeTarget section */

/* Begin PBXProject section */
		BDCEC847A6642B70BC6E1EE4 /* Project object */ = {
			isa = PBXProject;
			attributes = {
				BuildIndependentTargetsInParallel = 1;
				LastSwiftUpdateCheck = 1540;
				LastUpgradeCheck = 1540;
				TargetAttributes = {
					A547E32BEF45842ECBB561F6 = {
						CreatedOnToolsVersion = 15.4;
					};
				};
			};
			buildConfigurationList = DE8480B150C64AA8B08D3A9D;
			compatibilityVersion = "Xcode 14.0";
			developmentRegion = en;
			hasScannedForEncodings = 0;
			knownRegions = (
				en,
				ja,
				Base,
			);
			mainGroup = 661151A2491B2B7D4186F922;
			productRefGroup = B38F50DC709F88E79C6A3EBD /* Products */;
			projectDirPath = "";
			projectRoot = "";
			targets = (
				A547E32BEF45842ECBB561F6 /* Soroban */,
			);
		};
/* End PBXProject section */

/* Begin PBXResourcesBuildPhase section */
		93C70706C92DDB98434BB4B0 /* Resources */ = {
			isa = PBXResourcesBuildPhase;
			buildActionMask = 2147483647;
			files = (
				01E379AFD3787551CDFB3164 /* Assets.xcassets in Resources */,
				B907682B8BDCFDDB45DA0408 /* PrivacyInfo.xcprivacy in Resources */,
			);
			runOnlyForDeploymentPostprocessing = 0;
		};
/* End PBXResourcesBuildPhase section */

/* Begin PBXSourcesBuildPhase section */
		C23A37BF412344F82A9CA4ED /* Sources */ = {
			isa = PBXSourcesBuildPhase;
			buildActionMask = 2147483647;
			files = (
				1AC6A1D8E8DC24BCE782414F /* SorobanApp.swift in Sources */,
				76F519BA712389582A2F9BE2 /* ContentView.swift in Sources */,
				C245E764A1772778911479FF /* SorobanScene.swift in Sources */,
				5463B3103DBF6C5E97E1204F /* SorobanRod.swift in Sources */,
				2B14C53DA20425B17E63EAB7 /* BeadNode.swift in Sources */,
				8CA3A3C45AEFE2D4E17D5E50 /* SoundManager.swift in Sources */,
			);
			runOnlyForDeploymentPostprocessing = 0;
		};
/* End PBXSourcesBuildPhase section */

/* Begin XCBuildConfiguration section */
		5F9E59470FADD3A2D35C24CA /* Debug */ = {
			isa = XCBuildConfiguration;
			buildSettings = {
				ALWAYS_SEARCH_USER_PATHS = NO;
				ASSETCATALOG_COMPILER_GENERATE_SWIFT_ASSET_SYMBOL_EXTENSIONS = YES;
				CLANG_ANALYZER_NONNULL = YES;
				CLANG_CXX_LANGUAGE_STANDARD = "gnu++20";
				CLANG_ENABLE_MODULES = YES;
				CLANG_ENABLE_OBJC_ARC = YES;
				COPY_PHASE_STRIP = NO;
				DEBUG_INFORMATION_FORMAT = dwarf;
				ENABLE_STRICT_OBJC_MSGSEND = YES;
				ENABLE_TESTABILITY = YES;
				GCC_DYNAMIC_NO_PIC = NO;
				GCC_OPTIMIZATION_LEVEL = 0;
				GCC_PREPROCESSOR_DEFINITIONS = (
					"DEBUG=1",
					"$(inherited)",
				);
				GCC_WARN_ABOUT_RETURN_TYPE = YES_ERROR;
				GCC_WARN_UNINITIALIZED_AUTOS = YES_AGGRESSIVE;
				IPHONEOS_DEPLOYMENT_TARGET = 15.0;
				MTL_ENABLE_DEBUG_INFO = INCLUDE_SOURCE;
				ONLY_ACTIVE_ARCH = YES;
				SDKROOT = iphoneos;
				SWIFT_ACTIVE_COMPILATION_CONDITIONS = "$(inherited) DEBUG";
				SWIFT_OPTIMIZATION_LEVEL = "-Onone";
			};
			name = Debug;
		};
		E4A09D4D57A02C5A82FCD378 /* Release */ = {
			isa = XCBuildConfiguration;
			buildSettings = {
				ALWAYS_SEARCH_USER_PATHS = NO;
				ASSETCATALOG_COMPILER_GENERATE_SWIFT_ASSET_SYMBOL_EXTENSIONS = YES;
				CLANG_ANALYZER_NONNULL = YES;
				CLANG_CXX_LANGUAGE_STANDARD = "gnu++20";
				CLANG_ENABLE_MODULES = YES;
				CLANG_ENABLE_OBJC_ARC = YES;
				COPY_PHASE_STRIP = NO;
				DEBUG_INFORMATION_FORMAT = "dwarf-with-dsym";
				ENABLE_NS_ASSERTIONS = NO;
				ENABLE_STRICT_OBJC_MSGSEND = YES;
				GCC_WARN_ABOUT_RETURN_TYPE = YES_ERROR;
				GCC_WARN_UNINITIALIZED_AUTOS = YES_AGGRESSIVE;
				IPHONEOS_DEPLOYMENT_TARGET = 15.0;
				SDKROOT = iphoneos;
				SWIFT_COMPILATION_MODE = wholemodule;
				VALIDATE_PRODUCT = YES;
			};
			name = Release;
		};
		5FE56B01D057F31852D63FE4 /* Debug */ = {
			isa = XCBuildConfiguration;
			buildSettings = {
				ASSETCATALOG_COMPILER_APPICON_NAME = AppIcon;
				ASSETCATALOG_COMPILER_GLOBAL_ACCENT_COLOR_NAME = AccentColor;
				CODE_SIGN_STYLE = Automatic;
				CURRENT_PROJECT_VERSION = 1;
				DEVELOPMENT_TEAM = 83VGKGSQUH;
				GENERATE_INFOPLIST_FILE = YES;
				INFOPLIST_FILE = Soroban/Info.plist;
				INFOPLIST_KEY_CFBundleDisplayName = "Japanese Soroban";
				INFOPLIST_KEY_LSApplicationCategoryType = "public.app-category.education";
				INFOPLIST_KEY_UIApplicationSceneManifest_Generation = YES;
				INFOPLIST_KEY_UIApplicationSupportsIndirectInputEvents = YES;
				INFOPLIST_KEY_UILaunchScreen_Generation = YES;
				INFOPLIST_KEY_UISupportedInterfaceOrientations = "UIInterfaceOrientationLandscapeLeft UIInterfaceOrientationLandscapeRight";
				LD_RUNPATH_SEARCH_PATHS = (
					"$(inherited)",
					"@executable_path/Frameworks",
				);
				MARKETING_VERSION = 1.0;
				PRODUCT_BUNDLE_IDENTIFIER = com.japanesesoroban.app;
				PRODUCT_NAME = "$(TARGET_NAME)";
				SUPPORTED_PLATFORMS = "iphoneos iphonesimulator";
				SUPPORTS_MACCATALYST = NO;
				SWIFT_EMIT_LOC_STRINGS = YES;
				SWIFT_VERSION = 5.0;
				TARGETED_DEVICE_FAMILY = "1";
			};
			name = Debug;
		};
		842818C6715B0ED55F93D2E8 /* Release */ = {
			isa = XCBuildConfiguration;
			buildSettings = {
				ASSETCATALOG_COMPILER_APPICON_NAME = AppIcon;
				ASSETCATALOG_COMPILER_GLOBAL_ACCENT_COLOR_NAME = AccentColor;
				CODE_SIGN_STYLE = Automatic;
				CURRENT_PROJECT_VERSION = 1;
				DEVELOPMENT_TEAM = 83VGKGSQUH;
				GENERATE_INFOPLIST_FILE = YES;
				INFOPLIST_FILE = Soroban/Info.plist;
				INFOPLIST_KEY_CFBundleDisplayName = "Japanese Soroban";
				INFOPLIST_KEY_LSApplicationCategoryType = "public.app-category.education";
				INFOPLIST_KEY_UIApplicationSceneManifest_Generation = YES;
				INFOPLIST_KEY_UIApplicationSupportsIndirectInputEvents = YES;
				INFOPLIST_KEY_UILaunchScreen_Generation = YES;
				INFOPLIST_KEY_UISupportedInterfaceOrientations = "UIInterfaceOrientationLandscapeLeft UIInterfaceOrientationLandscapeRight";
				LD_RUNPATH_SEARCH_PATHS = (
					"$(inherited)",
					"@executable_path/Frameworks",
				);
				MARKETING_VERSION = 1.0;
				PRODUCT_BUNDLE_IDENTIFIER = com.japanesesoroban.app;
				PRODUCT_NAME = "$(TARGET_NAME)";
				SUPPORTED_PLATFORMS = "iphoneos iphonesimulator";
				SUPPORTS_MACCATALYST = NO;
				SWIFT_EMIT_LOC_STRINGS = YES;
				SWIFT_VERSION = 5.0;
				TARGETED_DEVICE_FAMILY = "1";
			};
			name = Release;
		};
/* End XCBuildConfiguration section */

/* Begin XCConfigurationList section */
		DE8480B150C64AA8B08D3A9D /* Build configuration list for PBXProject "Soroban" */ = {
			isa = XCConfigurationList;
			buildConfigurations = (
				5F9E59470FADD3A2D35C24CA /* Debug */,
				E4A09D4D57A02C5A82FCD378 /* Release */,
			);
			defaultConfigurationIsVisible = 0;
			defaultConfigurationName = Release;
		};
		712A2F3A120DCB451EDF60E2 /* Build configuration list for PBXNativeTarget "Soroban" */ = {
			isa = XCConfigurationList;
			buildConfigurations = (
				5FE56B01D057F31852D63FE4 /* Debug */,
				842818C6715B0ED55F93D2E8 /* Release */,
			);
			defaultConfigurationIsVisible = 0;
			defaultConfigurationName = Release;
		};
/* End XCConfigurationList section */
	};
	rootObject = BDCEC847A6642B70BC6E1EE4 /* Project object */;
}
